
Microsoft Visual Studio Solution File, Format Version 12.00
# Visual Studio Version 16
VisualStudioVersion = 16.0.31613.86
MinimumVisualStudioVersion = 10.0.40219.1
Project("{FAE04EC0-301F-11D3-BF4B-00C04F79EFBC}") = "AzureFunctionsTimes.Common", "AzureFunctionsTimes.Common\AzureFunctionsTimes.Common.csproj", "{9692D86F-9897-4EA9-B53D-442147F8CCD5}"
EndProject
Project("{FAE04EC0-301F-11D3-BF4B-00C04F79EFBC}") = "AzureFunctionsTimes.Functions", "AzureFunctionsTimes.Functions\AzureFunctionsTimes.Functions.csproj", "{B1B18888-539B-4E7E-BC0C-82F9C3EA8574}"
EndProject
Project("{FAE04EC0-301F-11D3-BF4B-00C04F79EFBC}") = "AzureFunctionsTimes.Test", "AzureFunctionsTimes.Test\AzureFunctionsTimes.Test.csproj", "{04161FAF-7D9B-4AA0-88CF-889140A8EE2D}"
EndProject
Global
	GlobalSection(SolutionConfigurationPlatforms) = preSolution
		Debug|Any CPU = Debug|Any CPU
		Release|Any CPU = Release|Any CPU
	EndGlobalSection
	GlobalSection(ProjectConfigurationPlatforms) = postSolution
		{9692D86F-9897-4EA9-B53D-442147F8CCD5}.Debug|Any CPU.ActiveCfg = Debug|Any CPU
		{9692D86F-9897-4EA9-B53D-442147F8CCD5}.Debug|Any CPU.Build.0 = Debug|Any CPU
		{9692D86F-9897-4EA9-B53D-442147F8CCD5}.Release|Any CPU.ActiveCfg = Release|Any CPU
		{9692D86F-9897-4EA9-B53D-442147F8CCD5}.Release|Any CPU.Build.0 = Release|Any CPU
		{B1B18888-539B-4E7E-BC0C-82F9C3EA8574}.Debug|Any CPU.ActiveCfg = Debug|Any CPU
		{B1B18888-539B-4E7E-BC0C-82F9C3EA8574}.Debug|Any CPU.Build.0 = Debug|Any CPU
		{B1B18888-539B-4E7E-BC0C-82F9C3EA8574}.Release|Any CPU.ActiveCfg = Release|Any CPU
		{B1B18888-539B-4E7E-BC0C-82F9C3EA8574}.Release|Any CPU.Build.0 = Release|Any CPU
		{04161FAF-7D9B-4AA0-88CF-889140A8EE2D}.Debug|Any CPU.ActiveCfg = Debug|Any CPU
		{04161FAF-7D9B-4AA0-88CF-889140A8EE2D}.Debug|Any CPU.Build.0 = Debug|Any CPU
		{04161FAF-7D9B-4AA0-88CF-889140A8EE2D}.Release|Any CPU.ActiveCfg = Release|Any CPU
		{04161FAF-7D9B-4AA0-88CF-889140A8EE2D}.Release|Any CPU.Build.0 = Release|Any CPU
	EndGlobalSection
	GlobalSection(SolutionProperties) = preSolution
		HideSolutionNode = FALSE
	EndGlobalSection
	GlobalSection(ExtensibilityGlobals) = postSolution
		SolutionGuid = {A9FC9889-D13E-4BFD-9ECD-EE1CC3889B8D}
	EndGlobalSection
EndGlobal
